<?xml version="1.0" encoding="utf-8"?>
<Project ToolsVersion="4.0" xmlns="http://schemas.microsoft.com/developer/msbuild/2003">
  <ItemGroup>
    <Filter Include="System">
      <UniqueIdentifier>{aec867cb-80f3-4575-8f63-316b87eb3547}</UniqueIdentifier>
    </Filter>
    <Filter Include="Input">
      <UniqueIdentifier>{b951b1b9-4ae7-4966-83ff-630df84c1441}</UniqueIdentifier>
    </Filter>
    <Filter Include="Graphics">
      <UniqueIdentifier>{14c75787-b3c0-4341-a36e-444cf87760bf}</UniqueIdentifier>
    </Filter>
    <Filter Include="Shaders">
      <UniqueIdentifier>{2a15e35e-95f8-4398-81cd-ac174d9044d6}</UniqueIdentifier>
    </Filter>
    <Filter Include="Camera">
      <UniqueIdentifier>{67c74a24-d9d7-43e7-a250-d9630a0f9056}</UniqueIdentifier>
    </Filter>
  </ItemGroup>
  <ItemGroup>
    <ClCompile Include="main.cpp" />
    <ClCompile Include="systemclass.cpp">
      <Filter>System</Filter>
    </ClCompile>
    <ClCompile Include="inputclass.cpp">
      <Filter>Input</Filter>
    </ClCompile>
    <ClCompile Include="graphicsclass.cpp">
      <Filter>Graphics</Filter>
    </ClCompile>
    <ClCompile Include="d3dclass.cpp">
      <Filter>Graphics</Filter>
    </ClCompile>
    <ClCompile Include="modelclass.cpp">
      <Filter>Graphics</Filter>
    </ClCompile>
    <ClCompile Include="colorshaderclass.cpp">
      <Filter>Graphics</Filter>
    </ClCompile>
    <ClCompile Include="cameraclass.cpp">
      <Filter>Camera</Filter>
    </ClCompile>
    <ClCompile Include="textureclass.cpp">
      <Filter>Graphics</Filter>
    </ClCompile>
    <ClCompile Include="textureshaderclass.cpp">
      <Filter>Graphics</Filter>
    </ClCompile>
  </ItemGroup>
  <ItemGroup>
    <ClInclude Include="systemclass.h">
      <Filter>System</Filter>
    </ClInclude>
    <ClInclude Include="inputclass.h">
      <Filter>Input</Filter>
    </ClInclude>
    <ClInclude Include="graphicsclass.h">
      <Filter>Graphics</Filter>
    </ClInclude>
    <ClInclude Include="d3dclass.h">
      <Filter>Graphics</Filter>
    </ClInclude>
    <ClInclude Include="modelclass.h">
      <Filter>Graphics</Filter>
    </ClInclude>
    <ClInclude Include="colorshaderclass.h">
      <Filter>Graphics</Filter>
    </ClInclude>
    <ClInclude Include="cameraclass.h">
      <Filter>Camera</Filter>
    </ClInclude>
    <ClInclude Include="textureclass.h">
      <Filter>Graphics</Filter>
    </ClInclude>
    <ClInclude Include="textureshaderclass.h">
      <Filter>Graphics</Filter>
    </ClInclude>
  </ItemGroup>
  <ItemGroup>
    <None Include="data\shader\color.ps">
      <Filter>Shaders</Filter>
    </None>
    <None Include="data\shader\color.vs">
      <Filter>Shaders</Filter>
    </None>
    <None Include="data\shader\texture.ps">
      <Filter>Shaders</Filter>
    </None>
    <None Include="data\shader\texture.vs">
      <Filter>Shaders</Filter>
    </None>
  </ItemGroup>
</Project>