<?xml version="1.0" encoding="utf-8"?>
<Project ToolsVersion="4.0" xmlns="http://schemas.microsoft.com/developer/msbuild/2003">
  <ItemGroup>
    <Filter Include="System">
      <UniqueIdentifier>{aec867cb-80f3-4575-8f63-316b87eb3547}</UniqueIdentifier>
    </Filter>
    <Filter Include="Input">
      <UniqueIdentifier>{b951b1b9-4ae7-4966-83ff-630df84c1441}</UniqueIdentifier>
    </Filter>
    <Filter Include="Graphics">
      <UniqueIdentifier>{14c75787-b3c0-4341-a36e-444cf87760bf}</UniqueIdentifier>
    </Filter>
  </ItemGroup>
  <ItemGroup>
    <ClCompile Include="main.cpp" />
    <ClCompile Include="systemclass.cpp">
      <Filter>System</Filter>
    </ClCompile>
    <ClCompile Include="inputclass.cpp">
      <Filter>Input</Filter>
    </ClCompile>
    <ClCompile Include="graphicsclass.cpp">
      <Filter>Graphics</Filter>
    </ClCompile>
    <ClCompile Include="d3dclass.cpp">
      <Filter>Graphics</Filter>
    </ClCompile>
  </ItemGroup>
  <ItemGroup>
    <ClInclude Include="systemclass.h">
      <Filter>System</Filter>
    </ClInclude>
    <ClInclude Include="inputclass.h">
      <Filter>Input</Filter>
    </ClInclude>
    <ClInclude Include="graphicsclass.h">
      <Filter>Graphics</Filter>
    </ClInclude>
    <ClInclude Include="d3dclass.h">
      <Filter>Graphics</Filter>
    </ClInclude>
  </ItemGroup>
</Project>